// !$*UTF8*$!
{
	archiveVersion = 1;
	classes = {
	};
	objectVersion = 50;
	objects = {

/* Begin PBXBuildFile section */
		F6AFA00B21C3E2EF00F94BEB /* main.swift in Sources */ = {isa = PBXBuildFile; fileRef = F6AFA00A21C3E2EF00F94BEB /* main.swift */; };
		F6AFA01621C3E62600F94BEB /* Player.swift in Sources */ = {isa = PBXBuildFile; fileRef = F6AFA01221C3E62600F94BEB /* Player.swift */; };
		F6AFA01721C3E62600F94BEB /* Character.swift in Sources */ = {isa = PBXBuildFile; fileRef = F6AFA01321C3E62600F94BEB /* Character.swift */; };
		F6AFA01821C3E62600F94BEB /* Weapon.swift in Sources */ = {isa = PBXBuildFile; fileRef = F6AFA01421C3E62600F94BEB /* Weapon.swift */; };
		F6AFA01921C3E62600F94BEB /* Game.swift in Sources */ = {isa = PBXBuildFile; fileRef = F6AFA01521C3E62600F94BEB /* Game.swift */; };
		F6EBB26021E65EDD00B5AA5E /* UniqueName.swift in Sources */ = {isa = PBXBuildFile; fileRef = F6EBB25F21E65EDD00B5AA5E /* UniqueName.swift */; };
		F6EBB26221E6649500B5AA5E /* Fighter.swift in Sources */ = {isa = PBXBuildFile; fileRef = F6EBB26121E6649500B5AA5E /* Fighter.swift */; };
		F6EBB26421E664C000B5AA5E /* Magus.swift in Sources */ = {isa = PBXBuildFile; fileRef = F6EBB26321E664C000B5AA5E /* Magus.swift */; };
		F6EBB26621E664E600B5AA5E /* Colossus.swift in Sources */ = {isa = PBXBuildFile; fileRef = F6EBB26521E664E600B5AA5E /* Colossus.swift */; };
		F6EBB26821E664F900B5AA5E /* Dwarf.swift in Sources */ = {isa = PBXBuildFile; fileRef = F6EBB26721E664F900B5AA5E /* Dwarf.swift */; };
		F6EBB26A21E6651300B5AA5E /* GiantDwarf.swift in Sources */ = {isa = PBXBuildFile; fileRef = F6EBB26921E6651300B5AA5E /* GiantDwarf.swift */; };
		F6EBB26D21E6657C00B5AA5E /* WalkingDead.swift in Sources */ = {isa = PBXBuildFile; fileRef = F6EBB26C21E6657C00B5AA5E /* WalkingDead.swift */; };
		F6EBB26F21E665AF00B5AA5E /* Axe.swift in Sources */ = {isa = PBXBuildFile; fileRef = F6EBB26E21E665AF00B5AA5E /* Axe.swift */; };
		F6EBB27121E665C400B5AA5E /* Sword.swift in Sources */ = {isa = PBXBuildFile; fileRef = F6EBB27021E665C400B5AA5E /* Sword.swift */; };
		F6EBB27321E665ED00B5AA5E /* MagicHealing.swift in Sources */ = {isa = PBXBuildFile; fileRef = F6EBB27221E665ED00B5AA5E /* MagicHealing.swift */; };
		F6EBB27521E6661500B5AA5E /* Hammer.swift in Sources */ = {isa = PBXBuildFile; fileRef = F6EBB27421E6661500B5AA5E /* Hammer.swift */; };
		F6EBB27A21E6674D00B5AA5E /* MagicPotion.swift in Sources */ = {isa = PBXBuildFile; fileRef = F6EBB27921E6674D00B5AA5E /* MagicPotion.swift */; };
		F6EBB27E21E6679A00B5AA5E /* Grenade.swift in Sources */ = {isa = PBXBuildFile; fileRef = F6EBB27D21E6679A00B5AA5E /* Grenade.swift */; };
		F6EBB28021E667E100B5AA5E /* Bite.swift in Sources */ = {isa = PBXBuildFile; fileRef = F6EBB27F21E667E100B5AA5E /* Bite.swift */; };
/* End PBXBuildFile section */

/* Begin PBXCopyFilesBuildPhase section */
		F6AFA00521C3E2EF00F94BEB /* CopyFiles */ = {
			isa = PBXCopyFilesBuildPhase;
			buildActionMask = 2147483647;
			dstPath = /usr/share/man/man1/;
			dstSubfolderSpec = 0;
			files = (
			);
			runOnlyForDeploymentPostprocessing = 1;
		};
/* End PBXCopyFilesBuildPhase section */

/* Begin PBXFileReference section */
		F6AFA00721C3E2EF00F94BEB /* game-3-project */ = {isa = PBXFileReference; explicitFileType = "compiled.mach-o.executable"; includeInIndex = 0; path = "game-3-project"; sourceTree = BUILT_PRODUCTS_DIR; };
		F6AFA00A21C3E2EF00F94BEB /* main.swift */ = {isa = PBXFileReference; lastKnownFileType = sourcecode.swift; path = main.swift; sourceTree = "<group>"; };
		F6AFA01221C3E62600F94BEB /* Player.swift */ = {isa = PBXFileReference; fileEncoding = 4; lastKnownFileType = sourcecode.swift; path = Player.swift; sourceTree = "<group>"; };
		F6AFA01321C3E62600F94BEB /* Character.swift */ = {isa = PBXFileReference; fileEncoding = 4; lastKnownFileType = sourcecode.swift; path = Character.swift; sourceTree = "<group>"; };
		F6AFA01421C3E62600F94BEB /* Weapon.swift */ = {isa = PBXFileReference; fileEncoding = 4; lastKnownFileType = sourcecode.swift; path = Weapon.swift; sourceTree = "<group>"; };
		F6AFA01521C3E62600F94BEB /* Game.swift */ = {isa = PBXFileReference; fileEncoding = 4; lastKnownFileType = sourcecode.swift; path = Game.swift; sourceTree = "<group>"; };
		F6EBB25F21E65EDD00B5AA5E /* UniqueName.swift */ = {isa = PBXFileReference; lastKnownFileType = sourcecode.swift; path = UniqueName.swift; sourceTree = "<group>"; };
		F6EBB26121E6649500B5AA5E /* Fighter.swift */ = {isa = PBXFileReference; lastKnownFileType = sourcecode.swift; path = Fighter.swift; sourceTree = "<group>"; };
		F6EBB26321E664C000B5AA5E /* Magus.swift */ = {isa = PBXFileReference; lastKnownFileType = sourcecode.swift; path = Magus.swift; sourceTree = "<group>"; };
		F6EBB26521E664E600B5AA5E /* Colossus.swift */ = {isa = PBXFileReference; lastKnownFileType = sourcecode.swift; path = Colossus.swift; sourceTree = "<group>"; };
		F6EBB26721E664F900B5AA5E /* Dwarf.swift */ = {isa = PBXFileReference; lastKnownFileType = sourcecode.swift; path = Dwarf.swift; sourceTree = "<group>"; };
		F6EBB26921E6651300B5AA5E /* GiantDwarf.swift */ = {isa = PBXFileReference; lastKnownFileType = sourcecode.swift; path = GiantDwarf.swift; sourceTree = "<group>"; };
		F6EBB26C21E6657C00B5AA5E /* WalkingDead.swift */ = {isa = PBXFileReference; lastKnownFileType = sourcecode.swift; path = WalkingDead.swift; sourceTree = "<group>"; };
		F6EBB26E21E665AF00B5AA5E /* Axe.swift */ = {isa = PBXFileReference; lastKnownFileType = sourcecode.swift; path = Axe.swift; sourceTree = "<group>"; };
		F6EBB27021E665C400B5AA5E /* Sword.swift */ = {isa = PBXFileReference; lastKnownFileType = sourcecode.swift; path = Sword.swift; sourceTree = "<group>"; };
		F6EBB27221E665ED00B5AA5E /* MagicHealing.swift */ = {isa = PBXFileReference; lastKnownFileType = sourcecode.swift; path = MagicHealing.swift; sourceTree = "<group>"; };
		F6EBB27421E6661500B5AA5E /* Hammer.swift */ = {isa = PBXFileReference; lastKnownFileType = sourcecode.swift; path = Hammer.swift; sourceTree = "<group>"; };
		F6EBB27921E6674D00B5AA5E /* MagicPotion.swift */ = {isa = PBXFileReference; lastKnownFileType = sourcecode.swift; path = MagicPotion.swift; sourceTree = "<group>"; };
		F6EBB27D21E6679A00B5AA5E /* Grenade.swift */ = {isa = PBXFileReference; lastKnownFileType = sourcecode.swift; path = Grenade.swift; sourceTree = "<group>"; };
		F6EBB27F21E667E100B5AA5E /* Bite.swift */ = {isa = PBXFileReference; lastKnownFileType = sourcecode.swift; path = Bite.swift; sourceTree = "<group>"; };
/* End PBXFileReference section */

/* Begin PBXFrameworksBuildPhase section */
		F6AFA00421C3E2EF00F94BEB /* Frameworks */ = {
			isa = PBXFrameworksBuildPhase;
			buildActionMask = 2147483647;
			files = (
			);
			runOnlyForDeploymentPostprocessing = 0;
		};
/* End PBXFrameworksBuildPhase section */

/* Begin PBXGroup section */
		F6AF9FFE21C3E2EF00F94BEB = {
			isa = PBXGroup;
			children = (
				F6AFA00921C3E2EF00F94BEB /* game-3-project */,
				F6AFA00821C3E2EF00F94BEB /* Products */,
			);
			sourceTree = "<group>";
		};
		F6AFA00821C3E2EF00F94BEB /* Products */ = {
			isa = PBXGroup;
			children = (
				F6AFA00721C3E2EF00F94BEB /* game-3-project */,
			);
			name = Products;
			sourceTree = "<group>";
		};
		F6AFA00921C3E2EF00F94BEB /* game-3-project */ = {
			isa = PBXGroup;
			children = (
				F6AFA00A21C3E2EF00F94BEB /* main.swift */,
				F6AFA01121C3E5CE00F94BEB /* classes */,
			);
			path = "game-3-project";
			sourceTree = "<group>";
		};
		F6AFA01121C3E5CE00F94BEB /* classes */ = {
			isa = PBXGroup;
			children = (
				F6AFA01521C3E62600F94BEB /* Game.swift */,
				F6EBB25F21E65EDD00B5AA5E /* UniqueName.swift */,
				F6AFA01221C3E62600F94BEB /* Player.swift */,
				F6EBB25D21E65E9C00B5AA5E /* regular-characters */,
				F6EBB25C21E65E6E00B5AA5E /* regular-weapons */,
			);
			path = classes;
			sourceTree = "<group>";
		};
		F6EBB25C21E65E6E00B5AA5E /* regular-weapons */ = {
			isa = PBXGroup;
			children = (
				F6AFA01421C3E62600F94BEB /* Weapon.swift */,
				F6EBB27021E665C400B5AA5E /* Sword.swift */,
				F6EBB27421E6661500B5AA5E /* Hammer.swift */,
				F6EBB27221E665ED00B5AA5E /* MagicHealing.swift */,
				F6EBB26E21E665AF00B5AA5E /* Axe.swift */,
				F6EBB27621E6668400B5AA5E /* bonus-weapons */,
			);
			path = "regular-weapons";
			sourceTree = "<group>";
		};
		F6EBB25D21E65E9C00B5AA5E /* regular-characters */ = {
			isa = PBXGroup;
			children = (
				F6AFA01321C3E62600F94BEB /* Character.swift */,
				F6EBB26121E6649500B5AA5E /* Fighter.swift */,
				F6EBB26321E664C000B5AA5E /* Magus.swift */,
				F6EBB26521E664E600B5AA5E /* Colossus.swift */,
				F6EBB26721E664F900B5AA5E /* Dwarf.swift */,
				F6EBB26B21E6654100B5AA5E /* bonus-characters */,
			);
			path = "regular-characters";
			sourceTree = "<group>";
		};
		F6EBB26B21E6654100B5AA5E /* bonus-characters */ = {
			isa = PBXGroup;
			children = (
				F6EBB26921E6651300B5AA5E /* GiantDwarf.swift */,
				F6EBB26C21E6657C00B5AA5E /* WalkingDead.swift */,
			);
			path = "bonus-characters";
			sourceTree = "<group>";
		};
		F6EBB27621E6668400B5AA5E /* bonus-weapons */ = {
			isa = PBXGroup;
			children = (
				F6EBB27721E666D300B5AA5E /* from-the-magic-box */,
				F6EBB27821E6672000B5AA5E /* from-zombie-potion */,
			);
			path = "bonus-weapons";
			sourceTree = "<group>";
		};
		F6EBB27721E666D300B5AA5E /* from-the-magic-box */ = {
			isa = PBXGroup;
			children = (
				F6EBB27921E6674D00B5AA5E /* MagicPotion.swift */,
				F6EBB27D21E6679A00B5AA5E /* Grenade.swift */,
			);
			path = "from-the-magic-box";
			sourceTree = "<group>";
		};
		F6EBB27821E6672000B5AA5E /* from-zombie-potion */ = {
			isa = PBXGroup;
			children = (
				F6EBB27F21E667E100B5AA5E /* Bite.swift */,
			);
			path = "from-zombie-potion";
			sourceTree = "<group>";
		};
/* End PBXGroup section */

/* Begin PBXNativeTarget section */
		F6AFA00621C3E2EF00F94BEB /* game-3-project */ = {
			isa = PBXNativeTarget;
			buildConfigurationList = F6AFA00E21C3E2EF00F94BEB /* Build configuration list for PBXNativeTarget "game-3-project" */;
			buildPhases = (
				F6AFA00321C3E2EF00F94BEB /* Sources */,
				F6AFA00421C3E2EF00F94BEB /* Frameworks */,
				F6AFA00521C3E2EF00F94BEB /* CopyFiles */,
			);
			buildRules = (
			);
			dependencies = (
			);
			name = "game-3-project";
			productName = "game-3-project";
			productReference = F6AFA00721C3E2EF00F94BEB /* game-3-project */;
			productType = "com.apple.product-type.tool";
		};
/* End PBXNativeTarget section */

/* Begin PBXProject section */
		F6AF9FFF21C3E2EF00F94BEB /* Project object */ = {
			isa = PBXProject;
			attributes = {
				LastSwiftUpdateCheck = 1010;
				LastUpgradeCheck = 1010;
				ORGANIZATIONNAME = "Lauriane Haydari";
				TargetAttributes = {
					F6AFA00621C3E2EF00F94BEB = {
						CreatedOnToolsVersion = 10.1;
					};
				};
			};
			buildConfigurationList = F6AFA00221C3E2EF00F94BEB /* Build configuration list for PBXProject "game-3-project" */;
			compatibilityVersion = "Xcode 9.3";
			developmentRegion = en;
			hasScannedForEncodings = 0;
			knownRegions = (
				en,
			);
			mainGroup = F6AF9FFE21C3E2EF00F94BEB;
			productRefGroup = F6AFA00821C3E2EF00F94BEB /* Products */;
			projectDirPath = "";
			projectRoot = "";
			targets = (
				F6AFA00621C3E2EF00F94BEB /* game-3-project */,
			);
		};
/* End PBXProject section */

/* Begin PBXSourcesBuildPhase section */
		F6AFA00321C3E2EF00F94BEB /* Sources */ = {
			isa = PBXSourcesBuildPhase;
			buildActionMask = 2147483647;
			files = (
				F6AFA01621C3E62600F94BEB /* Player.swift in Sources */,
				F6EBB28021E667E100B5AA5E /* Bite.swift in Sources */,
				F6EBB27521E6661500B5AA5E /* Hammer.swift in Sources */,
				F6EBB26F21E665AF00B5AA5E /* Axe.swift in Sources */,
				F6EBB26021E65EDD00B5AA5E /* UniqueName.swift in Sources */,
				F6EBB26821E664F900B5AA5E /* Dwarf.swift in Sources */,
				F6EBB27A21E6674D00B5AA5E /* MagicPotion.swift in Sources */,
				F6EBB26D21E6657C00B5AA5E /* WalkingDead.swift in Sources */,
				F6EBB26221E6649500B5AA5E /* Fighter.swift in Sources */,
				F6EBB26421E664C000B5AA5E /* Magus.swift in Sources */,
				F6EBB27121E665C400B5AA5E /* Sword.swift in Sources */,
				F6EBB27E21E6679A00B5AA5E /* Grenade.swift in Sources */,
				F6EBB26621E664E600B5AA5E /* Colossus.swift in Sources */,
				F6EBB27321E665ED00B5AA5E /* MagicHealing.swift in Sources */,
				F6AFA01921C3E62600F94BEB /* Game.swift in Sources */,
				F6AFA01821C3E62600F94BEB /* Weapon.swift in Sources */,
				F6AFA01721C3E62600F94BEB /* Character.swift in Sources */,
				F6AFA00B21C3E2EF00F94BEB /* main.swift in Sources */,
				F6EBB26A21E6651300B5AA5E /* GiantDwarf.swift in Sources */,
			);
			runOnlyForDeploymentPostprocessing = 0;
		};
/* End PBXSourcesBuildPhase section */

/* Begin XCBuildConfiguration section */
		F6AFA00C21C3E2EF00F94BEB /* Debug */ = {
			isa = XCBuildConfiguration;
			buildSettings = {
				ALWAYS_SEARCH_USER_PATHS = NO;
				CLANG_ANALYZER_NONNULL = YES;
				CLANG_ANALYZER_NUMBER_OBJECT_CONVERSION = YES_AGGRESSIVE;
				CLANG_CXX_LANGUAGE_STANDARD = "gnu++14";
				CLANG_CXX_LIBRARY = "libc++";
				CLANG_ENABLE_MODULES = YES;
				CLANG_ENABLE_OBJC_ARC = YES;
				CLANG_ENABLE_OBJC_WEAK = YES;
				CLANG_WARN_BLOCK_CAPTURE_AUTORELEASING = YES;
				CLANG_WARN_BOOL_CONVERSION = YES;
				CLANG_WARN_COMMA = YES;
				CLANG_WARN_CONSTANT_CONVERSION = YES;
				CLANG_WARN_DEPRECATED_OBJC_IMPLEMENTATIONS = YES;
				CLANG_WARN_DIRECT_OBJC_ISA_USAGE = YES_ERROR;
				CLANG_WARN_DOCUMENTATION_COMMENTS = YES;
				CLANG_WARN_EMPTY_BODY = YES;
				CLANG_WARN_ENUM_CONVERSION = YES;
				CLANG_WARN_INFINITE_RECURSION = YES;
				CLANG_WARN_INT_CONVERSION = YES;
				CLANG_WARN_NON_LITERAL_NULL_CONVERSION = YES;
				CLANG_WARN_OBJC_IMPLICIT_RETAIN_SELF = YES;
				CLANG_WARN_OBJC_LITERAL_CONVERSION = YES;
				CLANG_WARN_OBJC_ROOT_CLASS = YES_ERROR;
				CLANG_WARN_RANGE_LOOP_ANALYSIS = YES;
				CLANG_WARN_STRICT_PROTOTYPES = YES;
				CLANG_WARN_SUSPICIOUS_MOVE = YES;
				CLANG_WARN_UNGUARDED_AVAILABILITY = YES_AGGRESSIVE;
				CLANG_WARN_UNREACHABLE_CODE = YES;
				CLANG_WARN__DUPLICATE_METHOD_MATCH = YES;
				CODE_SIGN_IDENTITY = "-";
				COPY_PHASE_STRIP = NO;
				DEBUG_INFORMATION_FORMAT = dwarf;
				ENABLE_STRICT_OBJC_MSGSEND = YES;
				ENABLE_TESTABILITY = YES;
				GCC_C_LANGUAGE_STANDARD = gnu11;
				GCC_DYNAMIC_NO_PIC = NO;
				GCC_NO_COMMON_BLOCKS = YES;
				GCC_OPTIMIZATION_LEVEL = 0;
				GCC_PREPROCESSOR_DEFINITIONS = (
					"DEBUG=1",
					"$(inherited)",
				);
				GCC_WARN_64_TO_32_BIT_CONVERSION = YES;
				GCC_WARN_ABOUT_RETURN_TYPE = YES_ERROR;
				GCC_WARN_UNDECLARED_SELECTOR = YES;
				GCC_WARN_UNINITIALIZED_AUTOS = YES_AGGRESSIVE;
				GCC_WARN_UNUSED_FUNCTION = YES;
				GCC_WARN_UNUSED_VARIABLE = YES;
				MACOSX_DEPLOYMENT_TARGET = 10.14;
				MTL_ENABLE_DEBUG_INFO = INCLUDE_SOURCE;
				MTL_FAST_MATH = YES;
				ONLY_ACTIVE_ARCH = YES;
				SDKROOT = macosx;
				SWIFT_ACTIVE_COMPILATION_CONDITIONS = DEBUG;
				SWIFT_OPTIMIZATION_LEVEL = "-Onone";
			};
			name = Debug;
		};
		F6AFA00D21C3E2EF00F94BEB /* Release */ = {
			isa = XCBuildConfiguration;
			buildSettings = {
				ALWAYS_SEARCH_USER_PATHS = NO;
				CLANG_ANALYZER_NONNULL = YES;
				CLANG_ANALYZER_NUMBER_OBJECT_CONVERSION = YES_AGGRESSIVE;
				CLANG_CXX_LANGUAGE_STANDARD = "gnu++14";
				CLANG_CXX_LIBRARY = "libc++";
				CLANG_ENABLE_MODULES = YES;
				CLANG_ENABLE_OBJC_ARC = YES;
				CLANG_ENABLE_OBJC_WEAK = YES;
				CLANG_WARN_BLOCK_CAPTURE_AUTORELEASING = YES;
				CLANG_WARN_BOOL_CONVERSION = YES;
				CLANG_WARN_COMMA = YES;
				CLANG_WARN_CONSTANT_CONVERSION = YES;
				CLANG_WARN_DEPRECATED_OBJC_IMPLEMENTATIONS = YES;
				CLANG_WARN_DIRECT_OBJC_ISA_USAGE = YES_ERROR;
				CLANG_WARN_DOCUMENTATION_COMMENTS = YES;
				CLANG_WARN_EMPTY_BODY = YES;
				CLANG_WARN_ENUM_CONVERSION = YES;
				CLANG_WARN_INFINITE_RECURSION = YES;
				CLANG_WARN_INT_CONVERSION = YES;
				CLANG_WARN_NON_LITERAL_NULL_CONVERSION = YES;
				CLANG_WARN_OBJC_IMPLICIT_RETAIN_SELF = YES;
				CLANG_WARN_OBJC_LITERAL_CONVERSION = YES;
				CLANG_WARN_OBJC_ROOT_CLASS = YES_ERROR;
				CLANG_WARN_RANGE_LOOP_ANALYSIS = YES;
				CLANG_WARN_STRICT_PROTOTYPES = YES;
				CLANG_WARN_SUSPICIOUS_MOVE = YES;
				CLANG_WARN_UNGUARDED_AVAILABILITY = YES_AGGRESSIVE;
				CLANG_WARN_UNREACHABLE_CODE = YES;
				CLANG_WARN__DUPLICATE_METHOD_MATCH = YES;
				CODE_SIGN_IDENTITY = "-";
				COPY_PHASE_STRIP = NO;
				DEBUG_INFORMATION_FORMAT = "dwarf-with-dsym";
				ENABLE_NS_ASSERTIONS = NO;
				ENABLE_STRICT_OBJC_MSGSEND = YES;
				GCC_C_LANGUAGE_STANDARD = gnu11;
				GCC_NO_COMMON_BLOCKS = YES;
				GCC_WARN_64_TO_32_BIT_CONVERSION = YES;
				GCC_WARN_ABOUT_RETURN_TYPE = YES_ERROR;
				GCC_WARN_UNDECLARED_SELECTOR = YES;
				GCC_WARN_UNINITIALIZED_AUTOS = YES_AGGRESSIVE;
				GCC_WARN_UNUSED_FUNCTION = YES;
				GCC_WARN_UNUSED_VARIABLE = YES;
				MACOSX_DEPLOYMENT_TARGET = 10.14;
				MTL_ENABLE_DEBUG_INFO = NO;
				MTL_FAST_MATH = YES;
				SDKROOT = macosx;
				SWIFT_COMPILATION_MODE = wholemodule;
				SWIFT_OPTIMIZATION_LEVEL = "-O";
			};
			name = Release;
		};
		F6AFA00F21C3E2EF00F94BEB /* Debug */ = {
			isa = XCBuildConfiguration;
			buildSettings = {
				CODE_SIGN_STYLE = Automatic;
				PRODUCT_NAME = "$(TARGET_NAME)";
				SWIFT_VERSION = 4.2;
			};
			name = Debug;
		};
		F6AFA01021C3E2EF00F94BEB /* Release */ = {
			isa = XCBuildConfiguration;
			buildSettings = {
				CODE_SIGN_STYLE = Automatic;
				PRODUCT_NAME = "$(TARGET_NAME)";
				SWIFT_VERSION = 4.2;
			};
			name = Release;
		};
/* End XCBuildConfiguration section */

/* Begin XCConfigurationList section */
		F6AFA00221C3E2EF00F94BEB /* Build configuration list for PBXProject "game-3-project" */ = {
			isa = XCConfigurationList;
			buildConfigurations = (
				F6AFA00C21C3E2EF00F94BEB /* Debug */,
				F6AFA00D21C3E2EF00F94BEB /* Release */,
			);
			defaultConfigurationIsVisible = 0;
			defaultConfigurationName = Release;
		};
		F6AFA00E21C3E2EF00F94BEB /* Build configuration list for PBXNativeTarget "game-3-project" */ = {
			isa = XCConfigurationList;
			buildConfigurations = (
				F6AFA00F21C3E2EF00F94BEB /* Debug */,
				F6AFA01021C3E2EF00F94BEB /* Release */,
			);
			defaultConfigurationIsVisible = 0;
			defaultConfigurationName = Release;
		};
/* End XCConfigurationList section */
	};
	rootObject = F6AF9FFF21C3E2EF00F94BEB /* Project object */;
}
